Microsoft Visual Studio Solution File, Format Version 8.00
Project("{FAE04EC0-301F-11D3-BF4B-00C04F79EFBC}") = "imap4.csharp", "imap4.csharp.csproj", "{961CBB6A-39A4-4E1C-8A7C-15327D4A1CDC}"
	ProjectSection(ProjectDependencies) = postProject
	EndProjectSection
EndProject
Global
	GlobalSection(SolutionConfiguration) = preSolution
		Debug = Debug
		Release = Release
	EndGlobalSection
	GlobalSection(ProjectConfiguration) = postSolution
		{961CBB6A-39A4-4E1C-8A7C-15327D4A1CDC}.Debug.ActiveCfg = Debug|.NET
		{961CBB6A-39A4-4E1C-8A7C-15327D4A1CDC}.Debug.Build.0 = Debug|.NET
		{961CBB6A-39A4-4E1C-8A7C-15327D4A1CDC}.Release.ActiveCfg = Release|.NET
		{961CBB6A-39A4-4E1C-8A7C-15327D4A1CDC}.Release.Build.0 = Release|.NET
	EndGlobalSection
	GlobalSection(ExtensibilityGlobals) = postSolution
	EndGlobalSection
	GlobalSection(ExtensibilityAddIns) = postSolution
	EndGlobalSection
EndGlobal
