
Microsoft Visual Studio Solution File, Format Version 10.00
# Visual Studio 2008
Project("{8BC9CEB8-8B4A-11D0-8D11-00A0C91BC942}") = "pop3_imap4_simple.vcNative", "pop3_imap4_simple.vcNative.vcproj", "{1033C31A-633D-4DAD-9F46-6B3E832F3EA0}"
EndProject
Global
	GlobalSection(SolutionConfigurationPlatforms) = preSolution
		Debug|Win32 = Debug|Win32
		Release|Win32 = Release|Win32
	EndGlobalSection
	GlobalSection(ProjectConfigurationPlatforms) = postSolution
		{1033C31A-633D-4DAD-9F46-6B3E832F3EA0}.Debug|Win32.ActiveCfg = Debug|Win32
		{1033C31A-633D-4DAD-9F46-6B3E832F3EA0}.Debug|Win32.Build.0 = Debug|Win32
		{1033C31A-633D-4DAD-9F46-6B3E832F3EA0}.Release|Win32.ActiveCfg = Release|Win32
		{1033C31A-633D-4DAD-9F46-6B3E832F3EA0}.Release|Win32.Build.0 = Release|Win32
	EndGlobalSection
	GlobalSection(SolutionProperties) = preSolution
		HideSolutionNode = FALSE
	EndGlobalSection
EndGlobal
